
Microsoft Visual Studio Solution File, Format Version 12.00
# Visual Studio Version 17
VisualStudioVersion = 17.8.34330.188
MinimumVisualStudioVersion = 10.0.40219.1
Project("{FAE04EC0-301F-11D3-BF4B-00C04F79EFBC}") = "PipeLine.Shared", "PipeLine.Shared\PipeLine.Shared.csproj", "{1B8CCF96-17D8-459C-A8F5-4458DB51E473}"
EndProject
Global
	GlobalSection(SolutionConfigurationPlatforms) = preSolution
		Debug|Any CPU = Debug|Any CPU
		Release|Any CPU = Release|Any CPU
	EndGlobalSection
	GlobalSection(ProjectConfigurationPlatforms) = postSolution
		{1B8CCF96-17D8-459C-A8F5-4458DB51E473}.Debug|Any CPU.ActiveCfg = Debug|Any CPU
		{1B8CCF96-17D8-459C-A8F5-4458DB51E473}.Debug|Any CPU.Build.0 = Debug|Any CPU
		{1B8CCF96-17D8-459C-A8F5-4458DB51E473}.Release|Any CPU.ActiveCfg = Release|Any CPU
		{1B8CCF96-17D8-459C-A8F5-4458DB51E473}.Release|Any CPU.Build.0 = Release|Any CPU
	EndGlobalSection
	GlobalSection(SolutionProperties) = preSolution
		HideSolutionNode = FALSE
	EndGlobalSection
	GlobalSection(ExtensibilityGlobals) = postSolution
		SolutionGuid = {053E3CDD-C38D-4E12-BF19-835DF91065B6}
	EndGlobalSection
EndGlobal
